
Microsoft Visual Studio Solution File, Format Version 12.00
# Visual Studio Version 17
VisualStudioVersion = 17.14.36301.6 d17.14
MinimumVisualStudioVersion = 10.0.40219.1
Project("{FAE04EC0-301F-11D3-BF4B-00C04F79EFBC}") = "DevTech.ApiAuth", "DevTech.ApiAuth.csproj", "{A06A18DD-CB98-E828-8D7F-D7CAEAE1B87F}"
EndProject
Global
	GlobalSection(SolutionConfigurationPlatforms) = preSolution
		Debug|Any CPU = Debug|Any CPU
		Release|Any CPU = Release|Any CPU
	EndGlobalSection
	GlobalSection(ProjectConfigurationPlatforms) = postSolution
		{A06A18DD-CB98-E828-8D7F-D7CAEAE1B87F}.Debug|Any CPU.ActiveCfg = Debug|Any CPU
		{A06A18DD-CB98-E828-8D7F-D7CAEAE1B87F}.Debug|Any CPU.Build.0 = Debug|Any CPU
		{A06A18DD-CB98-E828-8D7F-D7CAEAE1B87F}.Release|Any CPU.ActiveCfg = Release|Any CPU
		{A06A18DD-CB98-E828-8D7F-D7CAEAE1B87F}.Release|Any CPU.Build.0 = Release|Any CPU
	EndGlobalSection
	GlobalSection(SolutionProperties) = preSolution
		HideSolutionNode = FALSE
	EndGlobalSection
	GlobalSection(ExtensibilityGlobals) = postSolution
		SolutionGuid = {A5BF72CD-DDBA-457C-AA27-0EA17FE03379}
	EndGlobalSection
EndGlobal
